{
  "version": 4,
  "terraform_version": "1.13.5",
  "serial": 95,
  "lineage": "d51ca9d8-2d10-14c8-91aa-debaec1596ea",
  "outputs": {
    "data_factory_id": {
      "value": "/subscriptions/2102a96b-9ef7-4c03-80ae-88d6d2dc6c80/resourceGroups/vehiculosblindados-rg/providers/Microsoft.DataFactory/factories/vehiculosblindados-df",
      "type": "string"
    },
    "data_factory_name": {
      "value": "vehiculosblindados-df",
      "type": "string"
    },
    "oltp_db_id": {
      "value": "/subscriptions/2102a96b-9ef7-4c03-80ae-88d6d2dc6c80/resourceGroups/vehiculosblindados-rg/providers/Microsoft.Sql/servers/vehiculosblindados-sql/databases/vehiculosblindados-oltp",
      "type": "string"
    },
    "oltp_db_name": {
      "value": "vehiculosblindados-oltp",
      "type": "string"
    },
    "resource_group_id": {
      "value": "/subscriptions/2102a96b-9ef7-4c03-80ae-88d6d2dc6c80/resourceGroups/vehiculosblindados-rg",
      "type": "string"
    },
    "resource_group_name": {
      "value": "vehiculosblindados-rg",
      "type": "string"
    },
    "sql_server_id": {
      "value": "/subscriptions/2102a96b-9ef7-4c03-80ae-88d6d2dc6c80/resourceGroups/vehiculosblindados-rg/providers/Microsoft.Sql/servers/vehiculosblindados-sql",
      "type": "string"
    },
    "sql_server_name": {
      "value": "vehiculosblindados-sql",
      "type": "string"
    },
    "storage_account_id": {
      "value": "/subscriptions/2102a96b-9ef7-4c03-80ae-88d6d2dc6c80/resourceGroups/vehiculosblindados-rg/providers/Microsoft.Storage/storageAccounts/vehiculosblindadosstg",
      "type": "string"
    },
    "storage_account_name": {
      "value": "vehiculosblindadosstg",
      "type": "string"
    }
  },
  "resources": [
    {
      "mode": "managed",
      "type": "azurerm_data_factory",
      "name": "df",
      "provider": "provider[\"registry.terraform.io/hashicorp/azurerm\"]",
      "instances": [
        {
          "schema_version": 2,
          "attributes": {
            "customer_managed_key_id": "",
            "customer_managed_key_identity_id": "",
            "github_configuration": [],
            "global_parameter": [],
            "id": "/subscriptions/2102a96b-9ef7-4c03-80ae-88d6d2dc6c80/resourceGroups/vehiculosblindados-rg/providers/Microsoft.DataFactory/factories/vehiculosblindados-df",
            "identity": [],
            "location": "eastus2",
            "managed_virtual_network_enabled": false,
            "name": "vehiculosblindados-df",
            "public_network_enabled": true,
            "purview_id": "",
            "resource_group_name": "vehiculosblindados-rg",
            "tags": null,
            "timeouts": null,
            "vsts_configuration": []
          },
          "sensitive_attributes": [],
          "identity_schema_version": 0,
          "private": "eyJlMmJmYjczMC1lY2FhLTExZTYtOGY4OC0zNDM2M2JjN2M0YzAiOnsiY3JlYXRlIjoxODAwMDAwMDAwMDAwLCJkZWxldGUiOjE4MDAwMDAwMDAwMDAsInJlYWQiOjMwMDAwMDAwMDAwMCwidXBkYXRlIjoxODAwMDAwMDAwMDAwfSwic2NoZW1hX3ZlcnNpb24iOiIyIn0=",
          "dependencies": [
            "azurerm_resource_group.rg",
            "azurerm_storage_account.storage",
            "time_sleep.wait_storage"
          ]
        }
      ]
    },
    {
      "mode": "managed",
      "type": "azurerm_key_vault",
      "name": "kv",
      "provider": "provider[\"registry.terraform.io/hashicorp/azurerm\"]",
      "instances": [
        {
          "schema_version": 2,
          "attributes": {
            "access_policy": [],
            "contact": [],
            "enable_rbac_authorization": false,
            "enabled_for_deployment": false,
            "enabled_for_disk_encryption": false,
            "enabled_for_template_deployment": false,
            "id": "/subscriptions/2102a96b-9ef7-4c03-80ae-88d6d2dc6c80/resourceGroups/vehiculosblindados-rg/providers/Microsoft.KeyVault/vaults/vehiculosblindados-kv",
            "location": "eastus2",
            "name": "vehiculosblindados-kv",
            "network_acls": [
              {
                "bypass": "AzureServices",
                "default_action": "Allow",
                "ip_rules": [],
                "virtual_network_subnet_ids": []
              }
            ],
            "public_network_access_enabled": true,
            "purge_protection_enabled": true,
            "rbac_authorization_enabled": false,
            "resource_group_name": "vehiculosblindados-rg",
            "sku_name": "standard",
            "soft_delete_retention_days": 7,
            "tags": null,
            "tenant_id": "33a93990-8bb4-4b9d-b422-4f8851217d7e",
            "timeouts": null,
            "vault_uri": "https://vehiculosblindados-kv.vault.azure.net/"
          },
          "sensitive_attributes": [],
          "identity_schema_version": 0,
          "private": "eyJlMmJmYjczMC1lY2FhLTExZTYtOGY4OC0zNDM2M2JjN2M0YzAiOnsiY3JlYXRlIjoxODAwMDAwMDAwMDAwLCJkZWxldGUiOjE4MDAwMDAwMDAwMDAsInJlYWQiOjMwMDAwMDAwMDAwMCwidXBkYXRlIjoxODAwMDAwMDAwMDAwfSwic2NoZW1hX3ZlcnNpb24iOiIyIn0=",
          "dependencies": [
            "azurerm_resource_group.rg",
            "azurerm_storage_account.storage",
            "time_sleep.wait_storage"
          ]
        }
      ]
    },
    {
      "mode": "managed",
      "type": "azurerm_mssql_database",
      "name": "oltp",
      "provider": "provider[\"registry.terraform.io/hashicorp/azurerm\"]",
      "instances": [
        {
          "schema_version": 1,
          "attributes": {
            "auto_pause_delay_in_minutes": 0,
            "collation": "SQL_Latin1_General_CP1_CI_AS",
            "create_mode": "Default",
            "creation_source_database_id": null,
            "elastic_pool_id": "",
            "enclave_type": "",
            "geo_backup_enabled": true,
            "id": "/subscriptions/2102a96b-9ef7-4c03-80ae-88d6d2dc6c80/resourceGroups/vehiculosblindados-rg/providers/Microsoft.Sql/servers/vehiculosblindados-sql/databases/vehiculosblindados-oltp",
            "identity": [],
            "import": [],
            "ledger_enabled": false,
            "license_type": "",
            "long_term_retention_policy": [
              {
                "immutable_backups_enabled": false,
                "monthly_retention": "PT0S",
                "week_of_year": 1,
                "weekly_retention": "PT0S",
                "yearly_retention": "PT0S"
              }
            ],
            "maintenance_configuration_name": "SQL_Default",
            "max_size_gb": 250,
            "min_capacity": 0,
            "name": "vehiculosblindados-oltp",
            "read_replica_count": 0,
            "read_scale": false,
            "recover_database_id": null,
            "recovery_point_id": null,
            "restore_dropped_database_id": null,
            "restore_long_term_retention_backup_id": null,
            "restore_point_in_time": null,
            "sample_name": null,
            "secondary_type": "",
            "server_id": "/subscriptions/2102a96b-9ef7-4c03-80ae-88d6d2dc6c80/resourceGroups/vehiculosblindados-rg/providers/Microsoft.Sql/servers/vehiculosblindados-sql",
            "short_term_retention_policy": [
              {
                "backup_interval_in_hours": 24,
                "retention_days": 7
              }
            ],
            "sku_name": "S0",
            "storage_account_type": "Geo",
            "tags": null,
            "threat_detection_policy": [
              {
                "disabled_alerts": [],
                "email_account_admins": "Disabled",
                "email_addresses": [],
                "retention_days": 0,
                "state": "Disabled",
                "storage_account_access_key": "",
                "storage_endpoint": ""
              }
            ],
            "timeouts": null,
            "transparent_data_encryption_enabled": true,
            "transparent_data_encryption_key_automatic_rotation_enabled": false,
            "transparent_data_encryption_key_vault_key_id": "",
            "zone_redundant": false
          },
          "sensitive_attributes": [
            [
              {
                "type": "get_attr",
                "value": "threat_detection_policy"
              },
              {
                "type": "index",
                "value": {
                  "value": 0,
                  "type": "number"
                }
              },
              {
                "type": "get_attr",
                "value": "storage_account_access_key"
              }
            ]
          ],
          "identity_schema_version": 0,
          "private": "eyJlMmJmYjczMC1lY2FhLTExZTYtOGY4OC0zNDM2M2JjN2M0YzAiOnsiY3JlYXRlIjozNjAwMDAwMDAwMDAwLCJkZWxldGUiOjM2MDAwMDAwMDAwMDAsInJlYWQiOjMwMDAwMDAwMDAwMCwidXBkYXRlIjozNjAwMDAwMDAwMDAwfSwic2NoZW1hX3ZlcnNpb24iOiIxIn0=",
          "dependencies": [
            "azurerm_mssql_server.sql",
            "azurerm_resource_group.rg"
          ]
        }
      ]
    },
    {
      "mode": "managed",
      "type": "azurerm_mssql_server",
      "name": "sql",
      "provider": "provider[\"registry.terraform.io/hashicorp/azurerm\"]",
      "instances": [
        {
          "schema_version": 0,
          "attributes": {
            "administrator_login": "adminuser",
            "administrator_login_password": "Password1234!",
            "administrator_login_password_wo": null,
            "administrator_login_password_wo_version": 0,
            "azuread_administrator": [],
            "connection_policy": "Default",
            "express_vulnerability_assessment_enabled": false,
            "fully_qualified_domain_name": "vehiculosblindados-sql.database.windows.net",
            "id": "/subscriptions/2102a96b-9ef7-4c03-80ae-88d6d2dc6c80/resourceGroups/vehiculosblindados-rg/providers/Microsoft.Sql/servers/vehiculosblindados-sql",
            "identity": [],
            "location": "eastus2",
            "minimum_tls_version": "1.2",
            "name": "vehiculosblindados-sql",
            "outbound_network_restriction_enabled": false,
            "primary_user_assigned_identity_id": "",
            "public_network_access_enabled": true,
            "resource_group_name": "vehiculosblindados-rg",
            "restorable_dropped_database_ids": [],
            "tags": null,
            "timeouts": null,
            "transparent_data_encryption_key_vault_key_id": "",
            "version": "12.0"
          },
          "sensitive_attributes": [
            [
              {
                "type": "get_attr",
                "value": "administrator_login_password"
              }
            ],
            [
              {
                "type": "get_attr",
                "value": "administrator_login_password_wo"
              }
            ]
          ],
          "identity_schema_version": 0,
          "private": "eyJlMmJmYjczMC1lY2FhLTExZTYtOGY4OC0zNDM2M2JjN2M0YzAiOnsiY3JlYXRlIjozNjAwMDAwMDAwMDAwLCJkZWxldGUiOjM2MDAwMDAwMDAwMDAsInJlYWQiOjMwMDAwMDAwMDAwMCwidXBkYXRlIjozNjAwMDAwMDAwMDAwfX0=",
          "dependencies": [
            "azurerm_resource_group.rg"
          ]
        }
      ]
    },
    {
      "mode": "managed",
      "type": "azurerm_resource_group",
      "name": "rg",
      "provider": "provider[\"registry.terraform.io/hashicorp/azurerm\"]",
      "instances": [
        {
          "schema_version": 0,
          "attributes": {
            "id": "/subscriptions/2102a96b-9ef7-4c03-80ae-88d6d2dc6c80/resourceGroups/vehiculosblindados-rg",
            "location": "eastus2",
            "managed_by": "",
            "name": "vehiculosblindados-rg",
            "tags": null,
            "timeouts": null
          },
          "sensitive_attributes": [],
          "identity_schema_version": 0,
          "private": "eyJlMmJmYjczMC1lY2FhLTExZTYtOGY4OC0zNDM2M2JjN2M0YzAiOnsiY3JlYXRlIjo1NDAwMDAwMDAwMDAwLCJkZWxldGUiOjU0MDAwMDAwMDAwMDAsInJlYWQiOjMwMDAwMDAwMDAwMCwidXBkYXRlIjo1NDAwMDAwMDAwMDAwfX0="
        }
      ]
    },
    {
      "mode": "managed",
      "type": "azurerm_storage_account",
      "name": "storage",
      "provider": "provider[\"registry.terraform.io/hashicorp/azurerm\"]",
      "instances": [
        {
          "schema_version": 4,
          "attributes": {
            "access_tier": "Hot",
            "account_kind": "StorageV2",
            "account_replication_type": "LRS",
            "account_tier": "Standard",
            "allow_nested_items_to_be_public": true,
            "allowed_copy_scope": "",
            "azure_files_authentication": [],
            "blob_properties": [
              {
                "change_feed_enabled": false,
                "change_feed_retention_in_days": 0,
                "container_delete_retention_policy": [],
                "cors_rule": [],
                "default_service_version": "",
                "delete_retention_policy": [],
                "last_access_time_enabled": false,
                "restore_policy": [],
                "versioning_enabled": false
              }
            ],
            "cross_tenant_replication_enabled": false,
            "custom_domain": [],
            "customer_managed_key": [],
            "default_to_oauth_authentication": false,
            "dns_endpoint_type": "Standard",
            "edge_zone": "",
            "https_traffic_only_enabled": true,
            "id": "/subscriptions/2102a96b-9ef7-4c03-80ae-88d6d2dc6c80/resourceGroups/vehiculosblindados-rg/providers/Microsoft.Storage/storageAccounts/vehiculosblindadosstg",
            "identity": [],
            "immutability_policy": [],
            "infrastructure_encryption_enabled": false,
            "is_hns_enabled": false,
            "large_file_share_enabled": false,
            "local_user_enabled": true,
            "location": "eastus2",
            "min_tls_version": "TLS1_2",
            "name": "vehiculosblindadosstg",
            "network_rules": [],
            "nfsv3_enabled": false,
            "primary_access_key": "GM1tyO8PCL48vhKOHt/Nb0UuslKH7CTBZlOlebtlrz4DYhYZZg7AFNASBKZi3ctViAsnr/vPUXfj+AStiRvoTA==",
            "primary_blob_connection_string": "DefaultEndpointsProtocol=https;BlobEndpoint=https://vehiculosblindadosstg.blob.core.windows.net/;AccountName=vehiculosblindadosstg;AccountKey=GM1tyO8PCL48vhKOHt/Nb0UuslKH7CTBZlOlebtlrz4DYhYZZg7AFNASBKZi3ctViAsnr/vPUXfj+AStiRvoTA==",
            "primary_blob_endpoint": "https://vehiculosblindadosstg.blob.core.windows.net/",
            "primary_blob_host": "vehiculosblindadosstg.blob.core.windows.net",
            "primary_blob_internet_endpoint": "",
            "primary_blob_internet_host": "",
            "primary_blob_microsoft_endpoint": "",
            "primary_blob_microsoft_host": "",
            "primary_connection_string": "DefaultEndpointsProtocol=https;AccountName=vehiculosblindadosstg;AccountKey=GM1tyO8PCL48vhKOHt/Nb0UuslKH7CTBZlOlebtlrz4DYhYZZg7AFNASBKZi3ctViAsnr/vPUXfj+AStiRvoTA==;EndpointSuffix=core.windows.net",
            "primary_dfs_endpoint": "https://vehiculosblindadosstg.dfs.core.windows.net/",
            "primary_dfs_host": "vehiculosblindadosstg.dfs.core.windows.net",
            "primary_dfs_internet_endpoint": "",
            "primary_dfs_internet_host": "",
            "primary_dfs_microsoft_endpoint": "",
            "primary_dfs_microsoft_host": "",
            "primary_file_endpoint": "https://vehiculosblindadosstg.file.core.windows.net/",
            "primary_file_host": "vehiculosblindadosstg.file.core.windows.net",
            "primary_file_internet_endpoint": "",
            "primary_file_internet_host": "",
            "primary_file_microsoft_endpoint": "",
            "primary_file_microsoft_host": "",
            "primary_location": "eastus2",
            "primary_queue_endpoint": "https://vehiculosblindadosstg.queue.core.windows.net/",
            "primary_queue_host": "vehiculosblindadosstg.queue.core.windows.net",
            "primary_queue_microsoft_endpoint": "",
            "primary_queue_microsoft_host": "",
            "primary_table_endpoint": "https://vehiculosblindadosstg.table.core.windows.net/",
            "primary_table_host": "vehiculosblindadosstg.table.core.windows.net",
            "primary_table_microsoft_endpoint": "",
            "primary_table_microsoft_host": "",
            "primary_web_endpoint": "https://vehiculosblindadosstg.z20.web.core.windows.net/",
            "primary_web_host": "vehiculosblindadosstg.z20.web.core.windows.net",
            "primary_web_internet_endpoint": "",
            "primary_web_internet_host": "",
            "primary_web_microsoft_endpoint": "",
            "primary_web_microsoft_host": "",
            "provisioned_billing_model_version": "",
            "public_network_access_enabled": true,
            "queue_encryption_key_type": "Service",
            "queue_properties": [
              {
                "cors_rule": [],
                "hour_metrics": [
                  {
                    "enabled": false,
                    "include_apis": false,
                    "retention_policy_days": 0,
                    "version": "1.0"
                  }
                ],
                "logging": [
                  {
                    "delete": false,
                    "read": false,
                    "retention_policy_days": 0,
                    "version": "1.0",
                    "write": false
                  }
                ],
                "minute_metrics": [
                  {
                    "enabled": false,
                    "include_apis": false,
                    "retention_policy_days": 0,
                    "version": "1.0"
                  }
                ]
              }
            ],
            "resource_group_name": "vehiculosblindados-rg",
            "routing": [],
            "sas_policy": [],
            "secondary_access_key": "X/Hr0AkdOkCljhXI1G5uW8WalgWQ6shOZDbvf95wabhNu//seKtQnJm1ov5uK+qC25NpyHSLsK2W+ASt0hV/3g==",
            "secondary_blob_connection_string": "",
            "secondary_blob_endpoint": "",
            "secondary_blob_host": "",
            "secondary_blob_internet_endpoint": "",
            "secondary_blob_internet_host": "",
            "secondary_blob_microsoft_endpoint": "",
            "secondary_blob_microsoft_host": "",
            "secondary_connection_string": "DefaultEndpointsProtocol=https;AccountName=vehiculosblindadosstg;AccountKey=X/Hr0AkdOkCljhXI1G5uW8WalgWQ6shOZDbvf95wabhNu//seKtQnJm1ov5uK+qC25NpyHSLsK2W+ASt0hV/3g==;EndpointSuffix=core.windows.net",
            "secondary_dfs_endpoint": "",
            "secondary_dfs_host": "",
            "secondary_dfs_internet_endpoint": "",
            "secondary_dfs_internet_host": "",
            "secondary_dfs_microsoft_endpoint": "",
            "secondary_dfs_microsoft_host": "",
            "secondary_file_endpoint": "",
            "secondary_file_host": "",
            "secondary_file_internet_endpoint": "",
            "secondary_file_internet_host": "",
            "secondary_file_microsoft_endpoint": "",
            "secondary_file_microsoft_host": "",
            "secondary_location": "",
            "secondary_queue_endpoint": "",
            "secondary_queue_host": "",
            "secondary_queue_microsoft_endpoint": "",
            "secondary_queue_microsoft_host": "",
            "secondary_table_endpoint": "",
            "secondary_table_host": "",
            "secondary_table_microsoft_endpoint": "",
            "secondary_table_microsoft_host": "",
            "secondary_web_endpoint": "",
            "secondary_web_host": "",
            "secondary_web_internet_endpoint": "",
            "secondary_web_internet_host": "",
            "secondary_web_microsoft_endpoint": "",
            "secondary_web_microsoft_host": "",
            "sftp_enabled": false,
            "share_properties": [
              {
                "cors_rule": [],
                "retention_policy": [
                  {
                    "days": 7
                  }
                ],
                "smb": []
              }
            ],
            "shared_access_key_enabled": true,
            "static_website": [],
            "table_encryption_key_type": "Service",
            "tags": null,
            "timeouts": {
              "create": "15m",
              "delete": "15m",
              "read": null,
              "update": "15m"
            }
          },
          "sensitive_attributes": [
            [
              {
                "type": "get_attr",
                "value": "primary_access_key"
              }
            ],
            [
              {
                "type": "get_attr",
                "value": "primary_blob_connection_string"
              }
            ],
            [
              {
                "type": "get_attr",
                "value": "primary_connection_string"
              }
            ],
            [
              {
                "type": "get_attr",
                "value": "secondary_access_key"
              }
            ],
            [
              {
                "type": "get_attr",
                "value": "secondary_blob_connection_string"
              }
            ],
            [
              {
                "type": "get_attr",
                "value": "secondary_connection_string"
              }
            ]
          ],
          "identity_schema_version": 0,
          "identity": {
            "name": "vehiculosblindadosstg",
            "resource_group_name": "vehiculosblindados-rg",
            "subscription_id": "2102a96b-9ef7-4c03-80ae-88d6d2dc6c80"
          },
          "private": "eyJlMmJmYjczMC1lY2FhLTExZTYtOGY4OC0zNDM2M2JjN2M0YzAiOnsiY3JlYXRlIjo5MDAwMDAwMDAwMDAsImRlbGV0ZSI6OTAwMDAwMDAwMDAwLCJyZWFkIjozMDAwMDAwMDAwMDAsInVwZGF0ZSI6OTAwMDAwMDAwMDAwfSwic2NoZW1hX3ZlcnNpb24iOiI0In0=",
          "dependencies": [
            "azurerm_resource_group.rg"
          ]
        }
      ]
    },
    {
      "mode": "managed",
      "type": "time_sleep",
      "name": "wait_storage",
      "provider": "provider[\"registry.terraform.io/hashicorp/time\"]",
      "instances": [
        {
          "schema_version": 0,
          "attributes": {
            "create_duration": "30s",
            "destroy_duration": null,
            "id": "2025-11-15T07:15:54Z",
            "triggers": null
          },
          "sensitive_attributes": [],
          "identity_schema_version": 0,
          "dependencies": [
            "azurerm_resource_group.rg",
            "azurerm_storage_account.storage"
          ]
        }
      ]
    }
  ],
  "check_results": null
}
